// !$*UTF8*$!
{
	archiveVersion = 1;
	classes = {
	};
	objectVersion = 46;
	objects = {

/* Begin PBXBuildFile section */
		5B241FC51AAAB5EA006039B1 /* main.m in Sources */ = {isa = PBXBuildFile; fileRef = 5B241FC41AAAB5EA006039B1 /* main.m */; };
		5B241FC81AAAB5EA006039B1 /* AppDelegate.m in Sources */ = {isa = PBXBuildFile; fileRef = 5B241FC71AAAB5EA006039B1 /* AppDelegate.m */; };
		5B241FCB1AAAB5EA006039B1 /* GameScene.m in Sources */ = {isa = PBXBuildFile; fileRef = 5B241FCA1AAAB5EA006039B1 /* GameScene.m */; };
		5B241FCD1AAAB5EA006039B1 /* GameScene.sks in Resources */ = {isa = PBXBuildFile; fileRef = 5B241FCC1AAAB5EA006039B1 /* GameScene.sks */; };
		5B241FD01AAAB5EA006039B1 /* GameViewController.m in Sources */ = {isa = PBXBuildFile; fileRef = 5B241FCF1AAAB5EA006039B1 /* GameViewController.m */; };
		5B241FD31AAAB5EA006039B1 /* Main.storyboard in Resources */ = {isa = PBXBuildFile; fileRef = 5B241FD11AAAB5EA006039B1 /* Main.storyboard */; };
		5B241FD51AAAB5EA006039B1 /* Images.xcassets in Resources */ = {isa = PBXBuildFile; fileRef = 5B241FD41AAAB5EA006039B1 /* Images.xcassets */; };
		5B241FD81AAAB5EA006039B1 /* LaunchScreen.xib in Resources */ = {isa = PBXBuildFile; fileRef = 5B241FD61AAAB5EA006039B1 /* LaunchScreen.xib */; };
		5B241FE41AAAB5EA006039B1 /* KnifeTests.m in Sources */ = {isa = PBXBuildFile; fileRef = 5B241FE31AAAB5EA006039B1 /* KnifeTests.m */; };
		5B241FEE1AAB8790006039B1 /* hand.jpg in Resources */ = {isa = PBXBuildFile; fileRef = 5B241FED1AAB8790006039B1 /* hand.jpg */; };
		5B241FF01AAB8B2A006039B1 /* knife.png in Resources */ = {isa = PBXBuildFile; fileRef = 5B241FEF1AAB8B2A006039B1 /* knife.png */; };
		5B241FF21AAB8EA3006039B1 /* ground.png in Resources */ = {isa = PBXBuildFile; fileRef = 5B241FF11AAB8EA3006039B1 /* ground.png */; };
		9872539D1AABD0C500007DA9 /* hand.png in Resources */ = {isa = PBXBuildFile; fileRef = 9872539C1AABD0C500007DA9 /* hand.png */; };
		9872539F1AABD32200007DA9 /* hand2.png in Resources */ = {isa = PBXBuildFile; fileRef = 9872539E1AABD32200007DA9 /* hand2.png */; };
		987253A11AABD4FD00007DA9 /* hand3.png in Resources */ = {isa = PBXBuildFile; fileRef = 987253A01AABD4FD00007DA9 /* hand3.png */; };
		987253A51AABFBDC00007DA9 /* knife1.jpg in Resources */ = {isa = PBXBuildFile; fileRef = 987253A41AABFBDC00007DA9 /* knife1.jpg */; };
		98AE47441AAC2EA300A55E51 /* final_icon.png in Resources */ = {isa = PBXBuildFile; fileRef = 98AE47431AAC2EA300A55E51 /* final_icon.png */; };
		98AE47461AAC2EA800A55E51 /* final_hand.png in Resources */ = {isa = PBXBuildFile; fileRef = 98AE47451AAC2EA800A55E51 /* final_hand.png */; };
		98AE47481AAC2EAC00A55E51 /* final_background.png in Resources */ = {isa = PBXBuildFile; fileRef = 98AE47471AAC2EAC00A55E51 /* final_background.png */; };
		98AE474A1AAC2EE900A55E51 /* knife2.png in Resources */ = {isa = PBXBuildFile; fileRef = 98AE47491AAC2EE900A55E51 /* knife2.png */; };
		98AE474C1AAC2EF500A55E51 /* knife1.jpg in Resources */ = {isa = PBXBuildFile; fileRef = 98AE474B1AAC2EF500A55E51 /* knife1.jpg */; };
/* End PBXBuildFile section */

/* Begin PBXContainerItemProxy section */
		5B241FDE1AAAB5EA006039B1 /* PBXContainerItemProxy */ = {
			isa = PBXContainerItemProxy;
			containerPortal = 5B241FB71AAAB5EA006039B1 /* Project object */;
			proxyType = 1;
			remoteGlobalIDString = 5B241FBE1AAAB5EA006039B1;
			remoteInfo = Knife;
		};
/* End PBXContainerItemProxy section */

/* Begin PBXFileReference section */
		5B241FBF1AAAB5EA006039B1 /* Knife.app */ = {isa = PBXFileReference; explicitFileType = wrapper.application; includeInIndex = 0; path = Knife.app; sourceTree = BUILT_PRODUCTS_DIR; };
		5B241FC31AAAB5EA006039B1 /* Info.plist */ = {isa = PBXFileReference; lastKnownFileType = text.plist.xml; path = Info.plist; sourceTree = "<group>"; };
		5B241FC41AAAB5EA006039B1 /* main.m */ = {isa = PBXFileReference; lastKnownFileType = sourcecode.c.objc; path = main.m; sourceTree = "<group>"; };
		5B241FC61AAAB5EA006039B1 /* AppDelegate.h */ = {isa = PBXFileReference; lastKnownFileType = sourcecode.c.h; path = AppDelegate.h; sourceTree = "<group>"; };
		5B241FC71AAAB5EA006039B1 /* AppDelegate.m */ = {isa = PBXFileReference; lastKnownFileType = sourcecode.c.objc; path = AppDelegate.m; sourceTree = "<group>"; };
		5B241FC91AAAB5EA006039B1 /* GameScene.h */ = {isa = PBXFileReference; lastKnownFileType = sourcecode.c.h; path = GameScene.h; sourceTree = "<group>"; };
		5B241FCA1AAAB5EA006039B1 /* GameScene.m */ = {isa = PBXFileReference; lastKnownFileType = sourcecode.c.objc; path = GameScene.m; sourceTree = "<group>"; };
		5B241FCC1AAAB5EA006039B1 /* GameScene.sks */ = {isa = PBXFileReference; lastKnownFileType = file.sks; path = GameScene.sks; sourceTree = "<group>"; };
		5B241FCE1AAAB5EA006039B1 /* GameViewController.h */ = {isa = PBXFileReference; lastKnownFileType = sourcecode.c.h; path = GameViewController.h; sourceTree = "<group>"; };
		5B241FCF1AAAB5EA006039B1 /* GameViewController.m */ = {isa = PBXFileReference; lastKnownFileType = sourcecode.c.objc; path = GameViewController.m; sourceTree = "<group>"; };
		5B241FD21AAAB5EA006039B1 /* Base */ = {isa = PBXFileReference; lastKnownFileType = file.storyboard; name = Base; path = Base.lproj/Main.storyboard; sourceTree = "<group>"; };
		5B241FD41AAAB5EA006039B1 /* Images.xcassets */ = {isa = PBXFileReference; lastKnownFileType = folder.assetcatalog; path = Images.xcassets; sourceTree = "<group>"; };
		5B241FD71AAAB5EA006039B1 /* Base */ = {isa = PBXFileReference; lastKnownFileType = file.xib; name = Base; path = Base.lproj/LaunchScreen.xib; sourceTree = "<group>"; };
		5B241FDD1AAAB5EA006039B1 /* KnifeTests.xctest */ = {isa = PBXFileReference; explicitFileType = wrapper.cfbundle; includeInIndex = 0; path = KnifeTests.xctest; sourceTree = BUILT_PRODUCTS_DIR; };
		5B241FE21AAAB5EA006039B1 /* Info.plist */ = {isa = PBXFileReference; lastKnownFileType = text.plist.xml; path = Info.plist; sourceTree = "<group>"; };
		5B241FE31AAAB5EA006039B1 /* KnifeTests.m */ = {isa = PBXFileReference; lastKnownFileType = sourcecode.c.objc; path = KnifeTests.m; sourceTree = "<group>"; };
		5B241FED1AAB8790006039B1 /* hand.jpg */ = {isa = PBXFileReference; lastKnownFileType = image.jpeg; path = hand.jpg; sourceTree = "<group>"; };
		5B241FEF1AAB8B2A006039B1 /* knife.png */ = {isa = PBXFileReference; lastKnownFileType = image.png; path = knife.png; sourceTree = "<group>"; };
		5B241FF11AAB8EA3006039B1 /* ground.png */ = {isa = PBXFileReference; lastKnownFileType = image.png; path = ground.png; sourceTree = "<group>"; };
		9872539C1AABD0C500007DA9 /* hand.png */ = {isa = PBXFileReference; lastKnownFileType = image.png; path = hand.png; sourceTree = "<group>"; };
		9872539E1AABD32200007DA9 /* hand2.png */ = {isa = PBXFileReference; lastKnownFileType = image.png; path = hand2.png; sourceTree = "<group>"; };
		987253A01AABD4FD00007DA9 /* hand3.png */ = {isa = PBXFileReference; lastKnownFileType = image.png; path = hand3.png; sourceTree = "<group>"; };
		987253A41AABFBDC00007DA9 /* knife1.jpg */ = {isa = PBXFileReference; lastKnownFileType = image.jpeg; path = knife1.jpg; sourceTree = "<group>"; };
		98AE47431AAC2EA300A55E51 /* final_icon.png */ = {isa = PBXFileReference; lastKnownFileType = image.png; path = final_icon.png; sourceTree = "<group>"; };
		98AE47451AAC2EA800A55E51 /* final_hand.png */ = {isa = PBXFileReference; lastKnownFileType = image.png; path = final_hand.png; sourceTree = "<group>"; };
		98AE47471AAC2EAC00A55E51 /* final_background.png */ = {isa = PBXFileReference; lastKnownFileType = image.png; path = final_background.png; sourceTree = "<group>"; };
		98AE47491AAC2EE900A55E51 /* knife2.png */ = {isa = PBXFileReference; lastKnownFileType = image.png; path = knife2.png; sourceTree = "<group>"; };
		98AE474B1AAC2EF500A55E51 /* knife1.jpg */ = {isa = PBXFileReference; lastKnownFileType = image.jpeg; path = knife1.jpg; sourceTree = "<group>"; };
/* End PBXFileReference section */

/* Begin PBXFrameworksBuildPhase section */
		5B241FBC1AAAB5EA006039B1 /* Frameworks */ = {
			isa = PBXFrameworksBuildPhase;
			buildActionMask = 2147483647;
			files = (
			);
			runOnlyForDeploymentPostprocessing = 0;
		};
		5B241FDA1AAAB5EA006039B1 /* Frameworks */ = {
			isa = PBXFrameworksBuildPhase;
			buildActionMask = 2147483647;
			files = (
			);
			runOnlyForDeploymentPostprocessing = 0;
		};
/* End PBXFrameworksBuildPhase section */

/* Begin PBXGroup section */
		5B241FB61AAAB5EA006039B1 = {
			isa = PBXGroup;
			children = (
				5B241FC11AAAB5EA006039B1 /* Knife */,
				5B241FE01AAAB5EA006039B1 /* KnifeTests */,
				5B241FC01AAAB5EA006039B1 /* Products */,
			);
			sourceTree = "<group>";
		};
		5B241FC01AAAB5EA006039B1 /* Products */ = {
			isa = PBXGroup;
			children = (
				5B241FBF1AAAB5EA006039B1 /* Knife.app */,
				5B241FDD1AAAB5EA006039B1 /* KnifeTests.xctest */,
			);
			name = Products;
			sourceTree = "<group>";
		};
		5B241FC11AAAB5EA006039B1 /* Knife */ = {
			isa = PBXGroup;
			children = (
				5B241FC61AAAB5EA006039B1 /* AppDelegate.h */,
				5B241FC71AAAB5EA006039B1 /* AppDelegate.m */,
				5B241FC91AAAB5EA006039B1 /* GameScene.h */,
				5B241FCA1AAAB5EA006039B1 /* GameScene.m */,
				5B241FCC1AAAB5EA006039B1 /* GameScene.sks */,
				5B241FCE1AAAB5EA006039B1 /* GameViewController.h */,
				5B241FCF1AAAB5EA006039B1 /* GameViewController.m */,
				98AE47471AAC2EAC00A55E51 /* final_background.png */,
				98AE47451AAC2EA800A55E51 /* final_hand.png */,
				98AE47431AAC2EA300A55E51 /* final_icon.png */,
				98AE47491AAC2EE900A55E51 /* knife2.png */,
				5B241FD11AAAB5EA006039B1 /* Main.storyboard */,
				9872539C1AABD0C500007DA9 /* hand.png */,
				9872539E1AABD32200007DA9 /* hand2.png */,
				98AE474B1AAC2EF500A55E51 /* knife1.jpg */,
				987253A01AABD4FD00007DA9 /* hand3.png */,
				987253A41AABFBDC00007DA9 /* knife1.jpg */,
				5B241FF11AAB8EA3006039B1 /* ground.png */,
				5B241FEF1AAB8B2A006039B1 /* knife.png */,
				5B241FED1AAB8790006039B1 /* hand.jpg */,
				5B241FD41AAAB5EA006039B1 /* Images.xcassets */,
				5B241FD61AAAB5EA006039B1 /* LaunchScreen.xib */,
				5B241FC21AAAB5EA006039B1 /* Supporting Files */,
			);
			path = Knife;
			sourceTree = "<group>";
		};
		5B241FC21AAAB5EA006039B1 /* Supporting Files */ = {
			isa = PBXGroup;
			children = (
				5B241FC31AAAB5EA006039B1 /* Info.plist */,
				5B241FC41AAAB5EA006039B1 /* main.m */,
			);
			name = "Supporting Files";
			sourceTree = "<group>";
		};
		5B241FE01AAAB5EA006039B1 /* KnifeTests */ = {
			isa = PBXGroup;
			children = (
				5B241FE31AAAB5EA006039B1 /* KnifeTests.m */,
				5B241FE11AAAB5EA006039B1 /* Supporting Files */,
			);
			path = KnifeTests;
			sourceTree = "<group>";
		};
		5B241FE11AAAB5EA006039B1 /* Supporting Files */ = {
			isa = PBXGroup;
			children = (
				5B241FE21AAAB5EA006039B1 /* Info.plist */,
			);
			name = "Supporting Files";
			sourceTree = "<group>";
		};
/* End PBXGroup section */

/* Begin PBXNativeTarget section */
		5B241FBE1AAAB5EA006039B1 /* Knife */ = {
			isa = PBXNativeTarget;
			buildConfigurationList = 5B241FE71AAAB5EA006039B1 /* Build configuration list for PBXNativeTarget "Knife" */;
			buildPhases = (
				5B241FBB1AAAB5EA006039B1 /* Sources */,
				5B241FBC1AAAB5EA006039B1 /* Frameworks */,
				5B241FBD1AAAB5EA006039B1 /* Resources */,
			);
			buildRules = (
			);
			dependencies = (
			);
			name = Knife;
			productName = Knife;
			productReference = 5B241FBF1AAAB5EA006039B1 /* Knife.app */;
			productType = "com.apple.product-type.application";
		};
		5B241FDC1AAAB5EA006039B1 /* KnifeTests */ = {
			isa = PBXNativeTarget;
			buildConfigurationList = 5B241FEA1AAAB5EA006039B1 /* Build configuration list for PBXNativeTarget "KnifeTests" */;
			buildPhases = (
				5B241FD91AAAB5EA006039B1 /* Sources */,
				5B241FDA1AAAB5EA006039B1 /* Frameworks */,
				5B241FDB1AAAB5EA006039B1 /* Resources */,
			);
			buildRules = (
			);
			dependencies = (
				5B241FDF1AAAB5EA006039B1 /* PBXTargetDependency */,
			);
			name = KnifeTests;
			productName = KnifeTests;
			productReference = 5B241FDD1AAAB5EA006039B1 /* KnifeTests.xctest */;
			productType = "com.apple.product-type.bundle.unit-test";
		};
/* End PBXNativeTarget section */

/* Begin PBXProject section */
		5B241FB71AAAB5EA006039B1 /* Project object */ = {
			isa = PBXProject;
			attributes = {
				LastUpgradeCheck = 0610;
				ORGANIZATIONNAME = "Liu Di";
				TargetAttributes = {
					5B241FBE1AAAB5EA006039B1 = {
						CreatedOnToolsVersion = 6.1.1;
					};
					5B241FDC1AAAB5EA006039B1 = {
						CreatedOnToolsVersion = 6.1.1;
						TestTargetID = 5B241FBE1AAAB5EA006039B1;
					};
				};
			};
			buildConfigurationList = 5B241FBA1AAAB5EA006039B1 /* Build configuration list for PBXProject "Knife" */;
			compatibilityVersion = "Xcode 3.2";
			developmentRegion = English;
			hasScannedForEncodings = 0;
			knownRegions = (
				en,
				Base,
			);
			mainGroup = 5B241FB61AAAB5EA006039B1;
			productRefGroup = 5B241FC01AAAB5EA006039B1 /* Products */;
			projectDirPath = "";
			projectRoot = "";
			targets = (
				5B241FBE1AAAB5EA006039B1 /* Knife */,
				5B241FDC1AAAB5EA006039B1 /* KnifeTests */,
			);
		};
/* End PBXProject section */

/* Begin PBXResourcesBuildPhase section */
		5B241FBD1AAAB5EA006039B1 /* Resources */ = {
			isa = PBXResourcesBuildPhase;
			buildActionMask = 2147483647;
			files = (
				5B241FF21AAB8EA3006039B1 /* ground.png in Resources */,
				5B241FD81AAAB5EA006039B1 /* LaunchScreen.xib in Resources */,
				5B241FD51AAAB5EA006039B1 /* Images.xcassets in Resources */,
				5B241FF01AAB8B2A006039B1 /* knife.png in Resources */,
				5B241FCD1AAAB5EA006039B1 /* GameScene.sks in Resources */,
				5B241FD31AAAB5EA006039B1 /* Main.storyboard in Resources */,
				98AE47481AAC2EAC00A55E51 /* final_background.png in Resources */,
				98AE474C1AAC2EF500A55E51 /* knife1.jpg in Resources */,
				9872539D1AABD0C500007DA9 /* hand.png in Resources */,
				5B241FEE1AAB8790006039B1 /* hand.jpg in Resources */,
				98AE47461AAC2EA800A55E51 /* final_hand.png in Resources */,
				987253A11AABD4FD00007DA9 /* hand3.png in Resources */,
				9872539F1AABD32200007DA9 /* hand2.png in Resources */,
				987253A51AABFBDC00007DA9 /* knife1.jpg in Resources */,
				98AE47441AAC2EA300A55E51 /* final_icon.png in Resources */,
				98AE474A1AAC2EE900A55E51 /* knife2.png in Resources */,
			);
			runOnlyForDeploymentPostprocessing = 0;
		};
		5B241FDB1AAAB5EA006039B1 /* Resources */ = {
			isa = PBXResourcesBuildPhase;
			buildActionMask = 2147483647;
			files = (
			);
			runOnlyForDeploymentPostprocessing = 0;
		};
/* End PBXResourcesBuildPhase section */

/* Begin PBXSourcesBuildPhase section */
		5B241FBB1AAAB5EA006039B1 /* Sources */ = {
			isa = PBXSourcesBuildPhase;
			buildActionMask = 2147483647;
			files = (
				5B241FD01AAAB5EA006039B1 /* GameViewController.m in Sources */,
				5B241FC81AAAB5EA006039B1 /* AppDelegate.m in Sources */,
				5B241FCB1AAAB5EA006039B1 /* GameScene.m in Sources */,
				5B241FC51AAAB5EA006039B1 /* main.m in Sources */,
			);
			runOnlyForDeploymentPostprocessing = 0;
		};
		5B241FD91AAAB5EA006039B1 /* Sources */ = {
			isa = PBXSourcesBuildPhase;
			buildActionMask = 2147483647;
			files = (
				5B241FE41AAAB5EA006039B1 /* KnifeTests.m in Sources */,
			);
			runOnlyForDeploymentPostprocessing = 0;
		};
/* End PBXSourcesBuildPhase section */

/* Begin PBXTargetDependency section */
		5B241FDF1AAAB5EA006039B1 /* PBXTargetDependency */ = {
			isa = PBXTargetDependency;
			target = 5B241FBE1AAAB5EA006039B1 /* Knife */;
			targetProxy = 5B241FDE1AAAB5EA006039B1 /* PBXContainerItemProxy */;
		};
/* End PBXTargetDependency section */

/* Begin PBXVariantGroup section */
		5B241FD11AAAB5EA006039B1 /* Main.storyboard */ = {
			isa = PBXVariantGroup;
			children = (
				5B241FD21AAAB5EA006039B1 /* Base */,
			);
			name = Main.storyboard;
			sourceTree = "<group>";
		};
		5B241FD61AAAB5EA006039B1 /* LaunchScreen.xib */ = {
			isa = PBXVariantGroup;
			children = (
				5B241FD71AAAB5EA006039B1 /* Base */,
			);
			name = LaunchScreen.xib;
			sourceTree = "<group>";
		};
/* End PBXVariantGroup section */

/* Begin XCBuildConfiguration section */
		5B241FE51AAAB5EA006039B1 /* Debug */ = {
			isa = XCBuildConfiguration;
			buildSettings = {
				ALWAYS_SEARCH_USER_PATHS = NO;
				CLANG_CXX_LANGUAGE_STANDARD = "gnu++0x";
				CLANG_CXX_LIBRARY = "libc++";
				CLANG_ENABLE_MODULES = YES;
				CLANG_ENABLE_OBJC_ARC = YES;
				CLANG_WARN_BOOL_CONVERSION = YES;
				CLANG_WARN_CONSTANT_CONVERSION = YES;
				CLANG_WARN_DIRECT_OBJC_ISA_USAGE = YES_ERROR;
				CLANG_WARN_EMPTY_BODY = YES;
				CLANG_WARN_ENUM_CONVERSION = YES;
				CLANG_WARN_INT_CONVERSION = YES;
				CLANG_WARN_OBJC_ROOT_CLASS = YES_ERROR;
				CLANG_WARN_UNREACHABLE_CODE = YES;
				CLANG_WARN__DUPLICATE_METHOD_MATCH = YES;
				"CODE_SIGN_IDENTITY[sdk=iphoneos*]" = "iPhone Developer";
				COPY_PHASE_STRIP = NO;
				ENABLE_STRICT_OBJC_MSGSEND = YES;
				GCC_C_LANGUAGE_STANDARD = gnu99;
				GCC_DYNAMIC_NO_PIC = NO;
				GCC_OPTIMIZATION_LEVEL = 0;
				GCC_PREPROCESSOR_DEFINITIONS = (
					"DEBUG=1",
					"$(inherited)",
				);
				GCC_SYMBOLS_PRIVATE_EXTERN = NO;
				GCC_WARN_64_TO_32_BIT_CONVERSION = YES;
				GCC_WARN_ABOUT_RETURN_TYPE = YES_ERROR;
				GCC_WARN_UNDECLARED_SELECTOR = YES;
				GCC_WARN_UNINITIALIZED_AUTOS = YES_AGGRESSIVE;
				GCC_WARN_UNUSED_FUNCTION = YES;
				GCC_WARN_UNUSED_VARIABLE = YES;
				IPHONEOS_DEPLOYMENT_TARGET = 8.1;
				MTL_ENABLE_DEBUG_INFO = YES;
				ONLY_ACTIVE_ARCH = YES;
				SDKROOT = iphoneos;
				TARGETED_DEVICE_FAMILY = "1,2";
			};
			name = Debug;
		};
		5B241FE61AAAB5EA006039B1 /* Release */ = {
			isa = XCBuildConfiguration;
			buildSettings = {
				ALWAYS_SEARCH_USER_PATHS = NO;
				CLANG_CXX_LANGUAGE_STANDARD = "gnu++0x";
				CLANG_CXX_LIBRARY = "libc++";
				CLANG_ENABLE_MODULES = YES;
				CLANG_ENABLE_OBJC_ARC = YES;
				CLANG_WARN_BOOL_CONVERSION = YES;
				CLANG_WARN_CONSTANT_CONVERSION = YES;
				CLANG_WARN_DIRECT_OBJC_ISA_USAGE = YES_ERROR;
				CLANG_WARN_EMPTY_BODY = YES;
				CLANG_WARN_ENUM_CONVERSION = YES;
				CLANG_WARN_INT_CONVERSION = YES;
				CLANG_WARN_OBJC_ROOT_CLASS = YES_ERROR;
				CLANG_WARN_UNREACHABLE_CODE = YES;
				CLANG_WARN__DUPLICATE_METHOD_MATCH = YES;
				"CODE_SIGN_IDENTITY[sdk=iphoneos*]" = "iPhone Developer";
				COPY_PHASE_STRIP = YES;
				ENABLE_NS_ASSERTIONS = NO;
				ENABLE_STRICT_OBJC_MSGSEND = YES;
				GCC_C_LANGUAGE_STANDARD = gnu99;
				GCC_WARN_64_TO_32_BIT_CONVERSION = YES;
				GCC_WARN_ABOUT_RETURN_TYPE = YES_ERROR;
				GCC_WARN_UNDECLARED_SELECTOR = YES;
				GCC_WARN_UNINITIALIZED_AUTOS = YES_AGGRESSIVE;
				GCC_WARN_UNUSED_FUNCTION = YES;
				GCC_WARN_UNUSED_VARIABLE = YES;
				IPHONEOS_DEPLOYMENT_TARGET = 8.1;
				MTL_ENABLE_DEBUG_INFO = NO;
				SDKROOT = iphoneos;
				TARGETED_DEVICE_FAMILY = "1,2";
				VALIDATE_PRODUCT = YES;
			};
			name = Release;
		};
		5B241FE81AAAB5EA006039B1 /* Debug */ = {
			isa = XCBuildConfiguration;
			buildSettings = {
				ASSETCATALOG_COMPILER_APPICON_NAME = AppIcon;
				INFOPLIST_FILE = Knife/Info.plist;
				LD_RUNPATH_SEARCH_PATHS = "$(inherited) @executable_path/Frameworks";
				PRODUCT_NAME = "$(TARGET_NAME)";
			};
			name = Debug;
		};
		5B241FE91AAAB5EA006039B1 /* Release */ = {
			isa = XCBuildConfiguration;
			buildSettings = {
				ASSETCATALOG_COMPILER_APPICON_NAME = AppIcon;
				INFOPLIST_FILE = Knife/Info.plist;
				LD_RUNPATH_SEARCH_PATHS = "$(inherited) @executable_path/Frameworks";
				PRODUCT_NAME = "$(TARGET_NAME)";
			};
			name = Release;
		};
		5B241FEB1AAAB5EA006039B1 /* Debug */ = {
			isa = XCBuildConfiguration;
			buildSettings = {
				BUNDLE_LOADER = "$(TEST_HOST)";
				FRAMEWORK_SEARCH_PATHS = (
					"$(SDKROOT)/Developer/Library/Frameworks",
					"$(inherited)",
				);
				GCC_PREPROCESSOR_DEFINITIONS = (
					"DEBUG=1",
					"$(inherited)",
				);
				INFOPLIST_FILE = KnifeTests/Info.plist;
				LD_RUNPATH_SEARCH_PATHS = "$(inherited) @executable_path/Frameworks @loader_path/Frameworks";
				PRODUCT_NAME = "$(TARGET_NAME)";
				TEST_HOST = "$(BUILT_PRODUCTS_DIR)/Knife.app/Knife";
			};
			name = Debug;
		};
		5B241FEC1AAAB5EA006039B1 /* Release */ = {
			isa = XCBuildConfiguration;
			buildSettings = {
				BUNDLE_LOADER = "$(TEST_HOST)";
				FRAMEWORK_SEARCH_PATHS = (
					"$(SDKROOT)/Developer/Library/Frameworks",
					"$(inherited)",
				);
				INFOPLIST_FILE = KnifeTests/Info.plist;
				LD_RUNPATH_SEARCH_PATHS = "$(inherited) @executable_path/Frameworks @loader_path/Frameworks";
				PRODUCT_NAME = "$(TARGET_NAME)";
				TEST_HOST = "$(BUILT_PRODUCTS_DIR)/Knife.app/Knife";
			};
			name = Release;
		};
/* End XCBuildConfiguration section */

/* Begin XCConfigurationList section */
		5B241FBA1AAAB5EA006039B1 /* Build configuration list for PBXProject "Knife" */ = {
			isa = XCConfigurationList;
			buildConfigurations = (
				5B241FE51AAAB5EA006039B1 /* Debug */,
				5B241FE61AAAB5EA006039B1 /* Release */,
			);
			defaultConfigurationIsVisible = 0;
			defaultConfigurationName = Release;
		};
		5B241FE71AAAB5EA006039B1 /* Build configuration list for PBXNativeTarget "Knife" */ = {
			isa = XCConfigurationList;
			buildConfigurations = (
				5B241FE81AAAB5EA006039B1 /* Debug */,
				5B241FE91AAAB5EA006039B1 /* Release */,
			);
			defaultConfigurationIsVisible = 0;
			defaultConfigurationName = Release;
		};
		5B241FEA1AAAB5EA006039B1 /* Build configuration list for PBXNativeTarget "KnifeTests" */ = {
			isa = XCConfigurationList;
			buildConfigurations = (
				5B241FEB1AAAB5EA006039B1 /* Debug */,
				5B241FEC1AAAB5EA006039B1 /* Release */,
			);
			defaultConfigurationIsVisible = 0;
			defaultConfigurationName = Release;
		};
/* End XCConfigurationList section */
	};
	rootObject = 5B241FB71AAAB5EA006039B1 /* Project object */;
}
